// !$*UTF8*$!
{
	archiveVersion = 1;
	classes = {
	};
	objectVersion = 48;
	objects = {

/* Begin PBXBuildFile section */
		F503807720749E9400F34311 /* AppDelegate.swift in Sources */ = {isa = PBXBuildFile; fileRef = F503807620749E9400F34311 /* AppDelegate.swift */; };
		F503807920749E9400F34311 /* ViewController.swift in Sources */ = {isa = PBXBuildFile; fileRef = F503807820749E9400F34311 /* ViewController.swift */; };
		F503807C20749E9400F34311 /* Main.storyboard in Resources */ = {isa = PBXBuildFile; fileRef = F503807A20749E9400F34311 /* Main.storyboard */; };
		F503807F20749E9400F34311 /* ShakeBaby.xcdatamodeld in Sources */ = {isa = PBXBuildFile; fileRef = F503807D20749E9400F34311 /* ShakeBaby.xcdatamodeld */; };
		F503808120749E9400F34311 /* Assets.xcassets in Resources */ = {isa = PBXBuildFile; fileRef = F503808020749E9400F34311 /* Assets.xcassets */; };
		F503808420749E9400F34311 /* LaunchScreen.storyboard in Resources */ = {isa = PBXBuildFile; fileRef = F503808220749E9400F34311 /* LaunchScreen.storyboard */; };
		F503808F20749E9400F34311 /* ShakeBabyTests.swift in Sources */ = {isa = PBXBuildFile; fileRef = F503808E20749E9400F34311 /* ShakeBabyTests.swift */; };
		F503809A20749E9400F34311 /* ShakeBabyUITests.swift in Sources */ = {isa = PBXBuildFile; fileRef = F503809920749E9400F34311 /* ShakeBabyUITests.swift */; };
/* End PBXBuildFile section */

/* Begin PBXContainerItemProxy section */
		F503808B20749E9400F34311 /* PBXContainerItemProxy */ = {
			isa = PBXContainerItemProxy;
			containerPortal = F503806B20749E9400F34311 /* Project object */;
			proxyType = 1;
			remoteGlobalIDString = F503807220749E9400F34311;
			remoteInfo = ShakeBaby;
		};
		F503809620749E9400F34311 /* PBXContainerItemProxy */ = {
			isa = PBXContainerItemProxy;
			containerPortal = F503806B20749E9400F34311 /* Project object */;
			proxyType = 1;
			remoteGlobalIDString = F503807220749E9400F34311;
			remoteInfo = ShakeBaby;
		};
/* End PBXContainerItemProxy section */

/* Begin PBXFileReference section */
		F503807320749E9400F34311 /* ShakeBaby.app */ = {isa = PBXFileReference; explicitFileType = wrapper.application; includeInIndex = 0; path = ShakeBaby.app; sourceTree = BUILT_PRODUCTS_DIR; };
		F503807620749E9400F34311 /* AppDelegate.swift */ = {isa = PBXFileReference; lastKnownFileType = sourcecode.swift; path = AppDelegate.swift; sourceTree = "<group>"; };
		F503807820749E9400F34311 /* ViewController.swift */ = {isa = PBXFileReference; lastKnownFileType = sourcecode.swift; path = ViewController.swift; sourceTree = "<group>"; };
		F503807B20749E9400F34311 /* Base */ = {isa = PBXFileReference; lastKnownFileType = file.storyboard; name = Base; path = Base.lproj/Main.storyboard; sourceTree = "<group>"; };
		F503807E20749E9400F34311 /* ShakeBaby.xcdatamodel */ = {isa = PBXFileReference; lastKnownFileType = wrapper.xcdatamodel; path = ShakeBaby.xcdatamodel; sourceTree = "<group>"; };
		F503808020749E9400F34311 /* Assets.xcassets */ = {isa = PBXFileReference; lastKnownFileType = folder.assetcatalog; path = Assets.xcassets; sourceTree = "<group>"; };
		F503808320749E9400F34311 /* Base */ = {isa = PBXFileReference; lastKnownFileType = file.storyboard; name = Base; path = Base.lproj/LaunchScreen.storyboard; sourceTree = "<group>"; };
		F503808520749E9400F34311 /* Info.plist */ = {isa = PBXFileReference; lastKnownFileType = text.plist.xml; path = Info.plist; sourceTree = "<group>"; };
		F503808A20749E9400F34311 /* ShakeBabyTests.xctest */ = {isa = PBXFileReference; explicitFileType = wrapper.cfbundle; includeInIndex = 0; path = ShakeBabyTests.xctest; sourceTree = BUILT_PRODUCTS_DIR; };
		F503808E20749E9400F34311 /* ShakeBabyTests.swift */ = {isa = PBXFileReference; lastKnownFileType = sourcecode.swift; path = ShakeBabyTests.swift; sourceTree = "<group>"; };
		F503809020749E9400F34311 /* Info.plist */ = {isa = PBXFileReference; lastKnownFileType = text.plist.xml; path = Info.plist; sourceTree = "<group>"; };
		F503809520749E9400F34311 /* ShakeBabyUITests.xctest */ = {isa = PBXFileReference; explicitFileType = wrapper.cfbundle; includeInIndex = 0; path = ShakeBabyUITests.xctest; sourceTree = BUILT_PRODUCTS_DIR; };
		F503809920749E9400F34311 /* ShakeBabyUITests.swift */ = {isa = PBXFileReference; lastKnownFileType = sourcecode.swift; path = ShakeBabyUITests.swift; sourceTree = "<group>"; };
		F503809B20749E9400F34311 /* Info.plist */ = {isa = PBXFileReference; lastKnownFileType = text.plist.xml; path = Info.plist; sourceTree = "<group>"; };
/* End PBXFileReference section */

/* Begin PBXFrameworksBuildPhase section */
		F503807020749E9400F34311 /* Frameworks */ = {
			isa = PBXFrameworksBuildPhase;
			buildActionMask = 2147483647;
			files = (
			);
			runOnlyForDeploymentPostprocessing = 0;
		};
		F503808720749E9400F34311 /* Frameworks */ = {
			isa = PBXFrameworksBuildPhase;
			buildActionMask = 2147483647;
			files = (
			);
			runOnlyForDeploymentPostprocessing = 0;
		};
		F503809220749E9400F34311 /* Frameworks */ = {
			isa = PBXFrameworksBuildPhase;
			buildActionMask = 2147483647;
			files = (
			);
			runOnlyForDeploymentPostprocessing = 0;
		};
/* End PBXFrameworksBuildPhase section */

/* Begin PBXGroup section */
		F503806A20749E9400F34311 = {
			isa = PBXGroup;
			children = (
				F503807520749E9400F34311 /* ShakeBaby */,
				F503808D20749E9400F34311 /* ShakeBabyTests */,
				F503809820749E9400F34311 /* ShakeBabyUITests */,
				F503807420749E9400F34311 /* Products */,
			);
			sourceTree = "<group>";
		};
		F503807420749E9400F34311 /* Products */ = {
			isa = PBXGroup;
			children = (
				F503807320749E9400F34311 /* ShakeBaby.app */,
				F503808A20749E9400F34311 /* ShakeBabyTests.xctest */,
				F503809520749E9400F34311 /* ShakeBabyUITests.xctest */,
			);
			name = Products;
			sourceTree = "<group>";
		};
		F503807520749E9400F34311 /* ShakeBaby */ = {
			isa = PBXGroup;
			children = (
				F503807620749E9400F34311 /* AppDelegate.swift */,
				F503807820749E9400F34311 /* ViewController.swift */,
				F503807A20749E9400F34311 /* Main.storyboard */,
				F503808020749E9400F34311 /* Assets.xcassets */,
				F503808220749E9400F34311 /* LaunchScreen.storyboard */,
				F503808520749E9400F34311 /* Info.plist */,
				F503807D20749E9400F34311 /* ShakeBaby.xcdatamodeld */,
			);
			path = ShakeBaby;
			sourceTree = "<group>";
		};
		F503808D20749E9400F34311 /* ShakeBabyTests */ = {
			isa = PBXGroup;
			children = (
				F503808E20749E9400F34311 /* ShakeBabyTests.swift */,
				F503809020749E9400F34311 /* Info.plist */,
			);
			path = ShakeBabyTests;
			sourceTree = "<group>";
		};
		F503809820749E9400F34311 /* ShakeBabyUITests */ = {
			isa = PBXGroup;
			children = (
				F503809920749E9400F34311 /* ShakeBabyUITests.swift */,
				F503809B20749E9400F34311 /* Info.plist */,
			);
			path = ShakeBabyUITests;
			sourceTree = "<group>";
		};
/* End PBXGroup section */

/* Begin PBXNativeTarget section */
		F503807220749E9400F34311 /* ShakeBaby */ = {
			isa = PBXNativeTarget;
			buildConfigurationList = F503809E20749E9400F34311 /* Build configuration list for PBXNativeTarget "ShakeBaby" */;
			buildPhases = (
				F503806F20749E9400F34311 /* Sources */,
				F503807020749E9400F34311 /* Frameworks */,
				F503807120749E9400F34311 /* Resources */,
			);
			buildRules = (
			);
			dependencies = (
			);
			name = ShakeBaby;
			productName = ShakeBaby;
			productReference = F503807320749E9400F34311 /* ShakeBaby.app */;
			productType = "com.apple.product-type.application";
		};
		F503808920749E9400F34311 /* ShakeBabyTests */ = {
			isa = PBXNativeTarget;
			buildConfigurationList = F50380A120749E9400F34311 /* Build configuration list for PBXNativeTarget "ShakeBabyTests" */;
			buildPhases = (
				F503808620749E9400F34311 /* Sources */,
				F503808720749E9400F34311 /* Frameworks */,
				F503808820749E9400F34311 /* Resources */,
			);
			buildRules = (
			);
			dependencies = (
				F503808C20749E9400F34311 /* PBXTargetDependency */,
			);
			name = ShakeBabyTests;
			productName = ShakeBabyTests;
			productReference = F503808A20749E9400F34311 /* ShakeBabyTests.xctest */;
			productType = "com.apple.product-type.bundle.unit-test";
		};
		F503809420749E9400F34311 /* ShakeBabyUITests */ = {
			isa = PBXNativeTarget;
			buildConfigurationList = F50380A420749E9400F34311 /* Build configuration list for PBXNativeTarget "ShakeBabyUITests" */;
			buildPhases = (
				F503809120749E9400F34311 /* Sources */,
				F503809220749E9400F34311 /* Frameworks */,
				F503809320749E9400F34311 /* Resources */,
			);
			buildRules = (
			);
			dependencies = (
				F503809720749E9400F34311 /* PBXTargetDependency */,
			);
			name = ShakeBabyUITests;
			productName = ShakeBabyUITests;
			productReference = F503809520749E9400F34311 /* ShakeBabyUITests.xctest */;
			productType = "com.apple.product-type.bundle.ui-testing";
		};
/* End PBXNativeTarget section */

/* Begin PBXProject section */
		F503806B20749E9400F34311 /* Project object */ = {
			isa = PBXProject;
			attributes = {
				LastSwiftUpdateCheck = 0920;
				LastUpgradeCheck = 0920;
				ORGANIZATIONNAME = "Rajani Kaparthy";
				TargetAttributes = {
					F503807220749E9400F34311 = {
						CreatedOnToolsVersion = 9.2;
						ProvisioningStyle = Automatic;
					};
					F503808920749E9400F34311 = {
						CreatedOnToolsVersion = 9.2;
						ProvisioningStyle = Automatic;
						TestTargetID = F503807220749E9400F34311;
					};
					F503809420749E9400F34311 = {
						CreatedOnToolsVersion = 9.2;
						ProvisioningStyle = Automatic;
						TestTargetID = F503807220749E9400F34311;
					};
				};
			};
			buildConfigurationList = F503806E20749E9400F34311 /* Build configuration list for PBXProject "ShakeBaby" */;
			compatibilityVersion = "Xcode 8.0";
			developmentRegion = en;
			hasScannedForEncodings = 0;
			knownRegions = (
				en,
				Base,
			);
			mainGroup = F503806A20749E9400F34311;
			productRefGroup = F503807420749E9400F34311 /* Products */;
			projectDirPath = "";
			projectRoot = "";
			targets = (
				F503807220749E9400F34311 /* ShakeBaby */,
				F503808920749E9400F34311 /* ShakeBabyTests */,
				F503809420749E9400F34311 /* ShakeBabyUITests */,
			);
		};
/* End PBXProject section */

/* Begin PBXResourcesBuildPhase section */
		F503807120749E9400F34311 /* Resources */ = {
			isa = PBXResourcesBuildPhase;
			buildActionMask = 2147483647;
			files = (
				F503808420749E9400F34311 /* LaunchScreen.storyboard in Resources */,
				F503808120749E9400F34311 /* Assets.xcassets in Resources */,
				F503807C20749E9400F34311 /* Main.storyboard in Resources */,
			);
			runOnlyForDeploymentPostprocessing = 0;
		};
		F503808820749E9400F34311 /* Resources */ = {
			isa = PBXResourcesBuildPhase;
			buildActionMask = 2147483647;
			files = (
			);
			runOnlyForDeploymentPostprocessing = 0;
		};
		F503809320749E9400F34311 /* Resources */ = {
			isa = PBXResourcesBuildPhase;
			buildActionMask = 2147483647;
			files = (
			);
			runOnlyForDeploymentPostprocessing = 0;
		};
/* End PBXResourcesBuildPhase section */

/* Begin PBXSourcesBuildPhase section */
		F503806F20749E9400F34311 /* Sources */ = {
			isa = PBXSourcesBuildPhase;
			buildActionMask = 2147483647;
			files = (
				F503807F20749E9400F34311 /* ShakeBaby.xcdatamodeld in Sources */,
				F503807920749E9400F34311 /* ViewController.swift in Sources */,
				F503807720749E9400F34311 /* AppDelegate.swift in Sources */,
			);
			runOnlyForDeploymentPostprocessing = 0;
		};
		F503808620749E9400F34311 /* Sources */ = {
			isa = PBXSourcesBuildPhase;
			buildActionMask = 2147483647;
			files = (
				F503808F20749E9400F34311 /* ShakeBabyTests.swift in Sources */,
			);
			runOnlyForDeploymentPostprocessing = 0;
		};
		F503809120749E9400F34311 /* Sources */ = {
			isa = PBXSourcesBuildPhase;
			buildActionMask = 2147483647;
			files = (
				F503809A20749E9400F34311 /* ShakeBabyUITests.swift in Sources */,
			);
			runOnlyForDeploymentPostprocessing = 0;
		};
/* End PBXSourcesBuildPhase section */

/* Begin PBXTargetDependency section */
		F503808C20749E9400F34311 /* PBXTargetDependency */ = {
			isa = PBXTargetDependency;
			target = F503807220749E9400F34311 /* ShakeBaby */;
			targetProxy = F503808B20749E9400F34311 /* PBXContainerItemProxy */;
		};
		F503809720749E9400F34311 /* PBXTargetDependency */ = {
			isa = PBXTargetDependency;
			target = F503807220749E9400F34311 /* ShakeBaby */;
			targetProxy = F503809620749E9400F34311 /* PBXContainerItemProxy */;
		};
/* End PBXTargetDependency section */

/* Begin PBXVariantGroup section */
		F503807A20749E9400F34311 /* Main.storyboard */ = {
			isa = PBXVariantGroup;
			children = (
				F503807B20749E9400F34311 /* Base */,
			);
			name = Main.storyboard;
			sourceTree = "<group>";
		};
		F503808220749E9400F34311 /* LaunchScreen.storyboard */ = {
			isa = PBXVariantGroup;
			children = (
				F503808320749E9400F34311 /* Base */,
			);
			name = LaunchScreen.storyboard;
			sourceTree = "<group>";
		};
/* End PBXVariantGroup section */

/* Begin XCBuildConfiguration section */
		F503809C20749E9400F34311 /* Debug */ = {
			isa = XCBuildConfiguration;
			buildSettings = {
				ALWAYS_SEARCH_USER_PATHS = NO;
				CLANG_ANALYZER_NONNULL = YES;
				CLANG_ANALYZER_NUMBER_OBJECT_CONVERSION = YES_AGGRESSIVE;
				CLANG_CXX_LANGUAGE_STANDARD = "gnu++14";
				CLANG_CXX_LIBRARY = "libc++";
				CLANG_ENABLE_MODULES = YES;
				CLANG_ENABLE_OBJC_ARC = YES;
				CLANG_WARN_BLOCK_CAPTURE_AUTORELEASING = YES;
				CLANG_WARN_BOOL_CONVERSION = YES;
				CLANG_WARN_COMMA = YES;
				CLANG_WARN_CONSTANT_CONVERSION = YES;
				CLANG_WARN_DIRECT_OBJC_ISA_USAGE = YES_ERROR;
				CLANG_WARN_DOCUMENTATION_COMMENTS = YES;
				CLANG_WARN_EMPTY_BODY = YES;
				CLANG_WARN_ENUM_CONVERSION = YES;
				CLANG_WARN_INFINITE_RECURSION = YES;
				CLANG_WARN_INT_CONVERSION = YES;
				CLANG_WARN_NON_LITERAL_NULL_CONVERSION = YES;
				CLANG_WARN_OBJC_LITERAL_CONVERSION = YES;
				CLANG_WARN_OBJC_ROOT_CLASS = YES_ERROR;
				CLANG_WARN_RANGE_LOOP_ANALYSIS = YES;
				CLANG_WARN_STRICT_PROTOTYPES = YES;
				CLANG_WARN_SUSPICIOUS_MOVE = YES;
				CLANG_WARN_UNGUARDED_AVAILABILITY = YES_AGGRESSIVE;
				CLANG_WARN_UNREACHABLE_CODE = YES;
				CLANG_WARN__DUPLICATE_METHOD_MATCH = YES;
				CODE_SIGN_IDENTITY = "iPhone Developer";
				COPY_PHASE_STRIP = NO;
				DEBUG_INFORMATION_FORMAT = dwarf;
				ENABLE_STRICT_OBJC_MSGSEND = YES;
				ENABLE_TESTABILITY = YES;
				GCC_C_LANGUAGE_STANDARD = gnu11;
				GCC_DYNAMIC_NO_PIC = NO;
				GCC_NO_COMMON_BLOCKS = YES;
				GCC_OPTIMIZATION_LEVEL = 0;
				GCC_PREPROCESSOR_DEFINITIONS = (
					"DEBUG=1",
					"$(inherited)",
				);
				GCC_WARN_64_TO_32_BIT_CONVERSION = YES;
				GCC_WARN_ABOUT_RETURN_TYPE = YES_ERROR;
				GCC_WARN_UNDECLARED_SELECTOR = YES;
				GCC_WARN_UNINITIALIZED_AUTOS = YES_AGGRESSIVE;
				GCC_WARN_UNUSED_FUNCTION = YES;
				GCC_WARN_UNUSED_VARIABLE = YES;
				IPHONEOS_DEPLOYMENT_TARGET = 11.2;
				MTL_ENABLE_DEBUG_INFO = YES;
				ONLY_ACTIVE_ARCH = YES;
				SDKROOT = iphoneos;
				SWIFT_ACTIVE_COMPILATION_CONDITIONS = DEBUG;
				SWIFT_OPTIMIZATION_LEVEL = "-Onone";
			};
			name = Debug;
		};
		F503809D20749E9400F34311 /* Release */ = {
			isa = XCBuildConfiguration;
			buildSettings = {
				ALWAYS_SEARCH_USER_PATHS = NO;
				CLANG_ANALYZER_NONNULL = YES;
				CLANG_ANALYZER_NUMBER_OBJECT_CONVERSION = YES_AGGRESSIVE;
				CLANG_CXX_LANGUAGE_STANDARD = "gnu++14";
				CLANG_CXX_LIBRARY = "libc++";
				CLANG_ENABLE_MODULES = YES;
				CLANG_ENABLE_OBJC_ARC = YES;
				CLANG_WARN_BLOCK_CAPTURE_AUTORELEASING = YES;
				CLANG_WARN_BOOL_CONVERSION = YES;
				CLANG_WARN_COMMA = YES;
				CLANG_WARN_CONSTANT_CONVERSION = YES;
				CLANG_WARN_DIRECT_OBJC_ISA_USAGE = YES_ERROR;
				CLANG_WARN_DOCUMENTATION_COMMENTS = YES;
				CLANG_WARN_EMPTY_BODY = YES;
				CLANG_WARN_ENUM_CONVERSION = YES;
				CLANG_WARN_INFINITE_RECURSION = YES;
				CLANG_WARN_INT_CONVERSION = YES;
				CLANG_WARN_NON_LITERAL_NULL_CONVERSION = YES;
				CLANG_WARN_OBJC_LITERAL_CONVERSION = YES;
				CLANG_WARN_OBJC_ROOT_CLASS = YES_ERROR;
				CLANG_WARN_RANGE_LOOP_ANALYSIS = YES;
				CLANG_WARN_STRICT_PROTOTYPES = YES;
				CLANG_WARN_SUSPICIOUS_MOVE = YES;
				CLANG_WARN_UNGUARDED_AVAILABILITY = YES_AGGRESSIVE;
				CLANG_WARN_UNREACHABLE_CODE = YES;
				CLANG_WARN__DUPLICATE_METHOD_MATCH = YES;
				CODE_SIGN_IDENTITY = "iPhone Developer";
				COPY_PHASE_STRIP = NO;
				DEBUG_INFORMATION_FORMAT = "dwarf-with-dsym";
				ENABLE_NS_ASSERTIONS = NO;
				ENABLE_STRICT_OBJC_MSGSEND = YES;
				GCC_C_LANGUAGE_STANDARD = gnu11;
				GCC_NO_COMMON_BLOCKS = YES;
				GCC_WARN_64_TO_32_BIT_CONVERSION = YES;
				GCC_WARN_ABOUT_RETURN_TYPE = YES_ERROR;
				GCC_WARN_UNDECLARED_SELECTOR = YES;
				GCC_WARN_UNINITIALIZED_AUTOS = YES_AGGRESSIVE;
				GCC_WARN_UNUSED_FUNCTION = YES;
				GCC_WARN_UNUSED_VARIABLE = YES;
				IPHONEOS_DEPLOYMENT_TARGET = 11.2;
				MTL_ENABLE_DEBUG_INFO = NO;
				SDKROOT = iphoneos;
				SWIFT_OPTIMIZATION_LEVEL = "-Owholemodule";
				VALIDATE_PRODUCT = YES;
			};
			name = Release;
		};
		F503809F20749E9400F34311 /* Debug */ = {
			isa = XCBuildConfiguration;
			buildSettings = {
				ASSETCATALOG_COMPILER_APPICON_NAME = AppIcon;
				CODE_SIGN_STYLE = Automatic;
				INFOPLIST_FILE = ShakeBaby/Info.plist;
				LD_RUNPATH_SEARCH_PATHS = "$(inherited) @executable_path/Frameworks";
				PRODUCT_BUNDLE_IDENTIFIER = "daily-blah.ShakeBaby";
				PRODUCT_NAME = "$(TARGET_NAME)";
				SWIFT_VERSION = 4.0;
				TARGETED_DEVICE_FAMILY = "1,2";
			};
			name = Debug;
		};
		F50380A020749E9400F34311 /* Release */ = {
			isa = XCBuildConfiguration;
			buildSettings = {
				ASSETCATALOG_COMPILER_APPICON_NAME = AppIcon;
				CODE_SIGN_STYLE = Automatic;
				INFOPLIST_FILE = ShakeBaby/Info.plist;
				LD_RUNPATH_SEARCH_PATHS = "$(inherited) @executable_path/Frameworks";
				PRODUCT_BUNDLE_IDENTIFIER = "daily-blah.ShakeBaby";
				PRODUCT_NAME = "$(TARGET_NAME)";
				SWIFT_VERSION = 4.0;
				TARGETED_DEVICE_FAMILY = "1,2";
			};
			name = Release;
		};
		F50380A220749E9400F34311 /* Debug */ = {
			isa = XCBuildConfiguration;
			buildSettings = {
				ALWAYS_EMBED_SWIFT_STANDARD_LIBRARIES = YES;
				BUNDLE_LOADER = "$(TEST_HOST)";
				CODE_SIGN_STYLE = Automatic;
				INFOPLIST_FILE = ShakeBabyTests/Info.plist;
				LD_RUNPATH_SEARCH_PATHS = "$(inherited) @executable_path/Frameworks @loader_path/Frameworks";
				PRODUCT_BUNDLE_IDENTIFIER = "daily-blah.ShakeBabyTests";
				PRODUCT_NAME = "$(TARGET_NAME)";
				SWIFT_VERSION = 4.0;
				TARGETED_DEVICE_FAMILY = "1,2";
				TEST_HOST = "$(BUILT_PRODUCTS_DIR)/ShakeBaby.app/ShakeBaby";
			};
			name = Debug;
		};
		F50380A320749E9400F34311 /* Release */ = {
			isa = XCBuildConfiguration;
			buildSettings = {
				ALWAYS_EMBED_SWIFT_STANDARD_LIBRARIES = YES;
				BUNDLE_LOADER = "$(TEST_HOST)";
				CODE_SIGN_STYLE = Automatic;
				INFOPLIST_FILE = ShakeBabyTests/Info.plist;
				LD_RUNPATH_SEARCH_PATHS = "$(inherited) @executable_path/Frameworks @loader_path/Frameworks";
				PRODUCT_BUNDLE_IDENTIFIER = "daily-blah.ShakeBabyTests";
				PRODUCT_NAME = "$(TARGET_NAME)";
				SWIFT_VERSION = 4.0;
				TARGETED_DEVICE_FAMILY = "1,2";
				TEST_HOST = "$(BUILT_PRODUCTS_DIR)/ShakeBaby.app/ShakeBaby";
			};
			name = Release;
		};
		F50380A520749E9400F34311 /* Debug */ = {
			isa = XCBuildConfiguration;
			buildSettings = {
				ALWAYS_EMBED_SWIFT_STANDARD_LIBRARIES = YES;
				CODE_SIGN_STYLE = Automatic;
				INFOPLIST_FILE = ShakeBabyUITests/Info.plist;
				LD_RUNPATH_SEARCH_PATHS = "$(inherited) @executable_path/Frameworks @loader_path/Frameworks";
				PRODUCT_BUNDLE_IDENTIFIER = "daily-blah.ShakeBabyUITests";
				PRODUCT_NAME = "$(TARGET_NAME)";
				SWIFT_VERSION = 4.0;
				TARGETED_DEVICE_FAMILY = "1,2";
				TEST_TARGET_NAME = ShakeBaby;
			};
			name = Debug;
		};
		F50380A620749E9400F34311 /* Release */ = {
			isa = XCBuildConfiguration;
			buildSettings = {
				ALWAYS_EMBED_SWIFT_STANDARD_LIBRARIES = YES;
				CODE_SIGN_STYLE = Automatic;
				INFOPLIST_FILE = ShakeBabyUITests/Info.plist;
				LD_RUNPATH_SEARCH_PATHS = "$(inherited) @executable_path/Frameworks @loader_path/Frameworks";
				PRODUCT_BUNDLE_IDENTIFIER = "daily-blah.ShakeBabyUITests";
				PRODUCT_NAME = "$(TARGET_NAME)";
				SWIFT_VERSION = 4.0;
				TARGETED_DEVICE_FAMILY = "1,2";
				TEST_TARGET_NAME = ShakeBaby;
			};
			name = Release;
		};
/* End XCBuildConfiguration section */

/* Begin XCConfigurationList section */
		F503806E20749E9400F34311 /* Build configuration list for PBXProject "ShakeBaby" */ = {
			isa = XCConfigurationList;
			buildConfigurations = (
				F503809C20749E9400F34311 /* Debug */,
				F503809D20749E9400F34311 /* Release */,
			);
			defaultConfigurationIsVisible = 0;
			defaultConfigurationName = Release;
		};
		F503809E20749E9400F34311 /* Build configuration list for PBXNativeTarget "ShakeBaby" */ = {
			isa = XCConfigurationList;
			buildConfigurations = (
				F503809F20749E9400F34311 /* Debug */,
				F50380A020749E9400F34311 /* Release */,
			);
			defaultConfigurationIsVisible = 0;
			defaultConfigurationName = Release;
		};
		F50380A120749E9400F34311 /* Build configuration list for PBXNativeTarget "ShakeBabyTests" */ = {
			isa = XCConfigurationList;
			buildConfigurations = (
				F50380A220749E9400F34311 /* Debug */,
				F50380A320749E9400F34311 /* Release */,
			);
			defaultConfigurationIsVisible = 0;
			defaultConfigurationName = Release;
		};
		F50380A420749E9400F34311 /* Build configuration list for PBXNativeTarget "ShakeBabyUITests" */ = {
			isa = XCConfigurationList;
			buildConfigurations = (
				F50380A520749E9400F34311 /* Debug */,
				F50380A620749E9400F34311 /* Release */,
			);
			defaultConfigurationIsVisible = 0;
			defaultConfigurationName = Release;
		};
/* End XCConfigurationList section */

/* Begin XCVersionGroup section */
		F503807D20749E9400F34311 /* ShakeBaby.xcdatamodeld */ = {
			isa = XCVersionGroup;
			children = (
				F503807E20749E9400F34311 /* ShakeBaby.xcdatamodel */,
			);
			currentVersion = F503807E20749E9400F34311 /* ShakeBaby.xcdatamodel */;
			path = ShakeBaby.xcdatamodeld;
			sourceTree = "<group>";
			versionGroupType = wrapper.xcdatamodel;
		};
/* End XCVersionGroup section */
	};
	rootObject = F503806B20749E9400F34311 /* Project object */;
}
